// !$*UTF8*$!
{
	archiveVersion = 1;
	classes = {
	};
	objectVersion = 56;
	objects = {

/* Begin PBXBuildFile section */
		A9AFA8662BAD187B00E988C4 /* PitchPalApp.swift in Sources */ = {isa = PBXBuildFile; fileRef = A9AFA8652BAD187B00E988C4 /* PitchPalApp.swift */; };
		A9AFA86A2BAD187C00E988C4 /* Assets.xcassets in Resources */ = {isa = PBXBuildFile; fileRef = A9AFA8692BAD187C00E988C4 /* Assets.xcassets */; };
		A9AFA86D2BAD187C00E988C4 /* Preview Assets.xcassets in Resources */ = {isa = PBXBuildFile; fileRef = A9AFA86C2BAD187C00E988C4 /* Preview Assets.xcassets */; };
		A9AFA8772BAD187C00E988C4 /* PitchPalTests.swift in Sources */ = {isa = PBXBuildFile; fileRef = A9AFA8762BAD187C00E988C4 /* PitchPalTests.swift */; };
		A9AFA8812BAD187C00E988C4 /* PitchPalUITests.swift in Sources */ = {isa = PBXBuildFile; fileRef = A9AFA8802BAD187C00E988C4 /* PitchPalUITests.swift */; };
		A9AFA8832BAD187C00E988C4 /* PitchPalUITestsLaunchTests.swift in Sources */ = {isa = PBXBuildFile; fileRef = A9AFA8822BAD187C00E988C4 /* PitchPalUITestsLaunchTests.swift */; };
		A9AFA8992BAD18C000E988C4 /* DashboardView.swift in Sources */ = {isa = PBXBuildFile; fileRef = A9AFA8902BAD18C000E988C4 /* DashboardView.swift */; };
		A9AFA89A2BAD18C000E988C4 /* ProfileView.swift in Sources */ = {isa = PBXBuildFile; fileRef = A9AFA8912BAD18C000E988C4 /* ProfileView.swift */; };
		A9AFA89B2BAD18C000E988C4 /* LeaderboardView.swift in Sources */ = {isa = PBXBuildFile; fileRef = A9AFA8922BAD18C000E988C4 /* LeaderboardView.swift */; };
		A9AFA89C2BAD18C000E988C4 /* DiscoverView.swift in Sources */ = {isa = PBXBuildFile; fileRef = A9AFA8932BAD18C000E988C4 /* DiscoverView.swift */; };
		A9AFA89D2BAD18C000E988C4 /* RecordingView.swift in Sources */ = {isa = PBXBuildFile; fileRef = A9AFA8942BAD18C000E988C4 /* RecordingView.swift */; };
		A9AFA89E2BAD18C000E988C4 /* SignInView.swift in Sources */ = {isa = PBXBuildFile; fileRef = A9AFA8952BAD18C000E988C4 /* SignInView.swift */; };
		A9AFA89F2BAD18C000E988C4 /* PitchesView.swift in Sources */ = {isa = PBXBuildFile; fileRef = A9AFA8962BAD18C000E988C4 /* PitchesView.swift */; };
		A9AFA8A02BAD18C000E988C4 /* NewPitchView.swift in Sources */ = {isa = PBXBuildFile; fileRef = A9AFA8972BAD18C000E988C4 /* NewPitchView.swift */; };
		A9AFA8A12BAD18C000E988C4 /* MainView.swift in Sources */ = {isa = PBXBuildFile; fileRef = A9AFA8982BAD18C000E988C4 /* MainView.swift */; };
		A9AFA8A42BAD18D000E988C4 /* DashboardViewModel.swift in Sources */ = {isa = PBXBuildFile; fileRef = A9AFA8A32BAD18D000E988C4 /* DashboardViewModel.swift */; };
		A9AFA8A72BAD18E800E988C4 /* PitchInfo.json in Resources */ = {isa = PBXBuildFile; fileRef = A9AFA8A62BAD18E800E988C4 /* PitchInfo.json */; };
		A9AFA8AA2BAD196200E988C4 /* Launch Screen.storyboard in Resources */ = {isa = PBXBuildFile; fileRef = A9AFA8A92BAD196200E988C4 /* Launch Screen.storyboard */; };
		A9AFA8AF2BAD19BA00E988C4 /* Pitch.swift in Sources */ = {isa = PBXBuildFile; fileRef = A9AFA8AC2BAD19BA00E988C4 /* Pitch.swift */; };
		A9AFA8B02BAD19BA00E988C4 /* DashboardModel.swift in Sources */ = {isa = PBXBuildFile; fileRef = A9AFA8AD2BAD19BA00E988C4 /* DashboardModel.swift */; };
		A9AFA8B12BAD19BA00E988C4 /* PitchModel.swift in Sources */ = {isa = PBXBuildFile; fileRef = A9AFA8AE2BAD19BA00E988C4 /* PitchModel.swift */; };
		A9AFA8B32BAD23F600E988C4 /* RecordingManager.swift in Sources */ = {isa = PBXBuildFile; fileRef = A9AFA8B22BAD23F600E988C4 /* RecordingManager.swift */; };
		A9AFA8B52BAD537300E988C4 /* PitchPalAudio.mlproj in Resources */ = {isa = PBXBuildFile; fileRef = A9AFA8B42BAD537300E988C4 /* PitchPalAudio.mlproj */; };
		A9D9E5CF2BADD98800202977 /* Leaderboard.swift in Sources */ = {isa = PBXBuildFile; fileRef = A9D9E5CE2BADD98800202977 /* Leaderboard.swift */; };
		A9D9E5D12BADD9A800202977 /* LeaderboardViewModel.swift in Sources */ = {isa = PBXBuildFile; fileRef = A9D9E5D02BADD9A800202977 /* LeaderboardViewModel.swift */; };
		A9D9E5D32BADDF8300202977 /* PitchView.swift in Sources */ = {isa = PBXBuildFile; fileRef = A9D9E5D22BADDF8300202977 /* PitchView.swift */; };
		A9D9E5D52BADE21600202977 /* BigDashboardView.swift in Sources */ = {isa = PBXBuildFile; fileRef = A9D9E5D42BADE21600202977 /* BigDashboardView.swift */; };
/* End PBXBuildFile section */

/* Begin PBXContainerItemProxy section */
		A9AFA8732BAD187C00E988C4 /* PBXContainerItemProxy */ = {
			isa = PBXContainerItemProxy;
			containerPortal = A9AFA85A2BAD187B00E988C4 /* Project object */;
			proxyType = 1;
			remoteGlobalIDString = A9AFA8612BAD187B00E988C4;
			remoteInfo = PitchPal;
		};
		A9AFA87D2BAD187C00E988C4 /* PBXContainerItemProxy */ = {
			isa = PBXContainerItemProxy;
			containerPortal = A9AFA85A2BAD187B00E988C4 /* Project object */;
			proxyType = 1;
			remoteGlobalIDString = A9AFA8612BAD187B00E988C4;
			remoteInfo = PitchPal;
		};
/* End PBXContainerItemProxy section */

/* Begin PBXFileReference section */
		A9AFA8622BAD187B00E988C4 /* PitchPal.app */ = {isa = PBXFileReference; explicitFileType = wrapper.application; includeInIndex = 0; path = PitchPal.app; sourceTree = BUILT_PRODUCTS_DIR; };
		A9AFA8652BAD187B00E988C4 /* PitchPalApp.swift */ = {isa = PBXFileReference; lastKnownFileType = sourcecode.swift; path = PitchPalApp.swift; sourceTree = "<group>"; };
		A9AFA8692BAD187C00E988C4 /* Assets.xcassets */ = {isa = PBXFileReference; lastKnownFileType = folder.assetcatalog; path = Assets.xcassets; sourceTree = "<group>"; };
		A9AFA86C2BAD187C00E988C4 /* Preview Assets.xcassets */ = {isa = PBXFileReference; lastKnownFileType = folder.assetcatalog; path = "Preview Assets.xcassets"; sourceTree = "<group>"; };
		A9AFA8722BAD187C00E988C4 /* PitchPalTests.xctest */ = {isa = PBXFileReference; explicitFileType = wrapper.cfbundle; includeInIndex = 0; path = PitchPalTests.xctest; sourceTree = BUILT_PRODUCTS_DIR; };
		A9AFA8762BAD187C00E988C4 /* PitchPalTests.swift */ = {isa = PBXFileReference; lastKnownFileType = sourcecode.swift; path = PitchPalTests.swift; sourceTree = "<group>"; };
		A9AFA87C2BAD187C00E988C4 /* PitchPalUITests.xctest */ = {isa = PBXFileReference; explicitFileType = wrapper.cfbundle; includeInIndex = 0; path = PitchPalUITests.xctest; sourceTree = BUILT_PRODUCTS_DIR; };
		A9AFA8802BAD187C00E988C4 /* PitchPalUITests.swift */ = {isa = PBXFileReference; lastKnownFileType = sourcecode.swift; path = PitchPalUITests.swift; sourceTree = "<group>"; };
		A9AFA8822BAD187C00E988C4 /* PitchPalUITestsLaunchTests.swift */ = {isa = PBXFileReference; lastKnownFileType = sourcecode.swift; path = PitchPalUITestsLaunchTests.swift; sourceTree = "<group>"; };
		A9AFA8902BAD18C000E988C4 /* DashboardView.swift */ = {isa = PBXFileReference; fileEncoding = 4; lastKnownFileType = sourcecode.swift; path = DashboardView.swift; sourceTree = "<group>"; };
		A9AFA8912BAD18C000E988C4 /* ProfileView.swift */ = {isa = PBXFileReference; fileEncoding = 4; lastKnownFileType = sourcecode.swift; path = ProfileView.swift; sourceTree = "<group>"; };
		A9AFA8922BAD18C000E988C4 /* LeaderboardView.swift */ = {isa = PBXFileReference; fileEncoding = 4; lastKnownFileType = sourcecode.swift; path = LeaderboardView.swift; sourceTree = "<group>"; };
		A9AFA8932BAD18C000E988C4 /* DiscoverView.swift */ = {isa = PBXFileReference; fileEncoding = 4; lastKnownFileType = sourcecode.swift; path = DiscoverView.swift; sourceTree = "<group>"; };
		A9AFA8942BAD18C000E988C4 /* RecordingView.swift */ = {isa = PBXFileReference; fileEncoding = 4; lastKnownFileType = sourcecode.swift; path = RecordingView.swift; sourceTree = "<group>"; };
		A9AFA8952BAD18C000E988C4 /* SignInView.swift */ = {isa = PBXFileReference; fileEncoding = 4; lastKnownFileType = sourcecode.swift; path = SignInView.swift; sourceTree = "<group>"; };
		A9AFA8962BAD18C000E988C4 /* PitchesView.swift */ = {isa = PBXFileReference; fileEncoding = 4; lastKnownFileType = sourcecode.swift; path = PitchesView.swift; sourceTree = "<group>"; };
		A9AFA8972BAD18C000E988C4 /* NewPitchView.swift */ = {isa = PBXFileReference; fileEncoding = 4; lastKnownFileType = sourcecode.swift; path = NewPitchView.swift; sourceTree = "<group>"; };
		A9AFA8982BAD18C000E988C4 /* MainView.swift */ = {isa = PBXFileReference; fileEncoding = 4; lastKnownFileType = sourcecode.swift; path = MainView.swift; sourceTree = "<group>"; };
		A9AFA8A32BAD18D000E988C4 /* DashboardViewModel.swift */ = {isa = PBXFileReference; fileEncoding = 4; lastKnownFileType = sourcecode.swift; path = DashboardViewModel.swift; sourceTree = "<group>"; };
		A9AFA8A62BAD18E800E988C4 /* PitchInfo.json */ = {isa = PBXFileReference; fileEncoding = 4; lastKnownFileType = text.json; path = PitchInfo.json; sourceTree = "<group>"; };
		A9AFA8A92BAD196200E988C4 /* Launch Screen.storyboard */ = {isa = PBXFileReference; fileEncoding = 4; lastKnownFileType = file.storyboard; path = "Launch Screen.storyboard"; sourceTree = "<group>"; };
		A9AFA8AC2BAD19BA00E988C4 /* Pitch.swift */ = {isa = PBXFileReference; fileEncoding = 4; lastKnownFileType = sourcecode.swift; path = Pitch.swift; sourceTree = "<group>"; };
		A9AFA8AD2BAD19BA00E988C4 /* DashboardModel.swift */ = {isa = PBXFileReference; fileEncoding = 4; lastKnownFileType = sourcecode.swift; path = DashboardModel.swift; sourceTree = "<group>"; };
		A9AFA8AE2BAD19BA00E988C4 /* PitchModel.swift */ = {isa = PBXFileReference; fileEncoding = 4; lastKnownFileType = sourcecode.swift; path = PitchModel.swift; sourceTree = "<group>"; };
		A9AFA8B22BAD23F600E988C4 /* RecordingManager.swift */ = {isa = PBXFileReference; lastKnownFileType = sourcecode.swift; path = RecordingManager.swift; sourceTree = "<group>"; };
		A9AFA8B42BAD537300E988C4 /* PitchPalAudio.mlproj */ = {isa = PBXFileReference; lastKnownFileType = wrapper; path = PitchPalAudio.mlproj; sourceTree = "<group>"; };
		A9D9E5CE2BADD98800202977 /* Leaderboard.swift */ = {isa = PBXFileReference; lastKnownFileType = sourcecode.swift; path = Leaderboard.swift; sourceTree = "<group>"; };
		A9D9E5D02BADD9A800202977 /* LeaderboardViewModel.swift */ = {isa = PBXFileReference; lastKnownFileType = sourcecode.swift; path = LeaderboardViewModel.swift; sourceTree = "<group>"; };
		A9D9E5D22BADDF8300202977 /* PitchView.swift */ = {isa = PBXFileReference; lastKnownFileType = sourcecode.swift; path = PitchView.swift; sourceTree = "<group>"; };
		A9D9E5D42BADE21600202977 /* BigDashboardView.swift */ = {isa = PBXFileReference; lastKnownFileType = sourcecode.swift; path = BigDashboardView.swift; sourceTree = "<group>"; };
/* End PBXFileReference section */

/* Begin PBXFrameworksBuildPhase section */
		A9AFA85F2BAD187B00E988C4 /* Frameworks */ = {
			isa = PBXFrameworksBuildPhase;
			buildActionMask = 2147483647;
			files = (
			);
			runOnlyForDeploymentPostprocessing = 0;
		};
		A9AFA86F2BAD187C00E988C4 /* Frameworks */ = {
			isa = PBXFrameworksBuildPhase;
			buildActionMask = 2147483647;
			files = (
			);
			runOnlyForDeploymentPostprocessing = 0;
		};
		A9AFA8792BAD187C00E988C4 /* Frameworks */ = {
			isa = PBXFrameworksBuildPhase;
			buildActionMask = 2147483647;
			files = (
			);
			runOnlyForDeploymentPostprocessing = 0;
		};
/* End PBXFrameworksBuildPhase section */

/* Begin PBXGroup section */
		A9AFA8592BAD187B00E988C4 = {
			isa = PBXGroup;
			children = (
				A9AFA8642BAD187B00E988C4 /* PitchPal */,
				A9AFA8752BAD187C00E988C4 /* PitchPalTests */,
				A9AFA87F2BAD187C00E988C4 /* PitchPalUITests */,
				A9AFA8632BAD187B00E988C4 /* Products */,
			);
			sourceTree = "<group>";
		};
		A9AFA8632BAD187B00E988C4 /* Products */ = {
			isa = PBXGroup;
			children = (
				A9AFA8622BAD187B00E988C4 /* PitchPal.app */,
				A9AFA8722BAD187C00E988C4 /* PitchPalTests.xctest */,
				A9AFA87C2BAD187C00E988C4 /* PitchPalUITests.xctest */,
			);
			name = Products;
			sourceTree = "<group>";
		};
		A9AFA8642BAD187B00E988C4 /* PitchPal */ = {
			isa = PBXGroup;
			children = (
				A9AFA8652BAD187B00E988C4 /* PitchPalApp.swift */,
				A9AFA8AB2BAD19BA00E988C4 /* Model */,
				A9AFA8A82BAD196200E988C4 /* Helpers */,
				A9AFA8A52BAD18E800E988C4 /* Resources */,
				A9AFA8A22BAD18D000E988C4 /* ViewModel */,
				A9AFA88F2BAD18C000E988C4 /* Views */,
				A9AFA8692BAD187C00E988C4 /* Assets.xcassets */,
				A9AFA86B2BAD187C00E988C4 /* Preview Content */,
			);
			path = PitchPal;
			sourceTree = "<group>";
		};
		A9AFA86B2BAD187C00E988C4 /* Preview Content */ = {
			isa = PBXGroup;
			children = (
				A9AFA86C2BAD187C00E988C4 /* Preview Assets.xcassets */,
			);
			path = "Preview Content";
			sourceTree = "<group>";
		};
		A9AFA8752BAD187C00E988C4 /* PitchPalTests */ = {
			isa = PBXGroup;
			children = (
				A9AFA8762BAD187C00E988C4 /* PitchPalTests.swift */,
			);
			path = PitchPalTests;
			sourceTree = "<group>";
		};
		A9AFA87F2BAD187C00E988C4 /* PitchPalUITests */ = {
			isa = PBXGroup;
			children = (
				A9AFA8802BAD187C00E988C4 /* PitchPalUITests.swift */,
				A9AFA8822BAD187C00E988C4 /* PitchPalUITestsLaunchTests.swift */,
			);
			path = PitchPalUITests;
			sourceTree = "<group>";
		};
		A9AFA88F2BAD18C000E988C4 /* Views */ = {
			isa = PBXGroup;
			children = (
				A9AFA8902BAD18C000E988C4 /* DashboardView.swift */,
				A9AFA8912BAD18C000E988C4 /* ProfileView.swift */,
				A9AFA8922BAD18C000E988C4 /* LeaderboardView.swift */,
				A9AFA8932BAD18C000E988C4 /* DiscoverView.swift */,
				A9AFA8942BAD18C000E988C4 /* RecordingView.swift */,
				A9AFA8952BAD18C000E988C4 /* SignInView.swift */,
				A9AFA8962BAD18C000E988C4 /* PitchesView.swift */,
				A9AFA8972BAD18C000E988C4 /* NewPitchView.swift */,
				A9AFA8982BAD18C000E988C4 /* MainView.swift */,
				A9D9E5D22BADDF8300202977 /* PitchView.swift */,
				A9D9E5D42BADE21600202977 /* BigDashboardView.swift */,
			);
			path = Views;
			sourceTree = "<group>";
		};
		A9AFA8A22BAD18D000E988C4 /* ViewModel */ = {
			isa = PBXGroup;
			children = (
				A9AFA8A32BAD18D000E988C4 /* DashboardViewModel.swift */,
				A9D9E5D02BADD9A800202977 /* LeaderboardViewModel.swift */,
			);
			path = ViewModel;
			sourceTree = "<group>";
		};
		A9AFA8A52BAD18E800E988C4 /* Resources */ = {
			isa = PBXGroup;
			children = (
				A9AFA8A62BAD18E800E988C4 /* PitchInfo.json */,
			);
			path = Resources;
			sourceTree = "<group>";
		};
		A9AFA8A82BAD196200E988C4 /* Helpers */ = {
			isa = PBXGroup;
			children = (
				A9AFA8A92BAD196200E988C4 /* Launch Screen.storyboard */,
				A9AFA8B22BAD23F600E988C4 /* RecordingManager.swift */,
			);
			path = Helpers;
			sourceTree = "<group>";
		};
		A9AFA8AB2BAD19BA00E988C4 /* Model */ = {
			isa = PBXGroup;
			children = (
				A9AFA8B42BAD537300E988C4 /* PitchPalAudio.mlproj */,
				A9AFA8AC2BAD19BA00E988C4 /* Pitch.swift */,
				A9AFA8AD2BAD19BA00E988C4 /* DashboardModel.swift */,
				A9AFA8AE2BAD19BA00E988C4 /* PitchModel.swift */,
				A9D9E5CE2BADD98800202977 /* Leaderboard.swift */,
			);
			path = Model;
			sourceTree = "<group>";
		};
/* End PBXGroup section */

/* Begin PBXNativeTarget section */
		A9AFA8612BAD187B00E988C4 /* PitchPal */ = {
			isa = PBXNativeTarget;
			buildConfigurationList = A9AFA8862BAD187C00E988C4 /* Build configuration list for PBXNativeTarget "PitchPal" */;
			buildPhases = (
				A9AFA85E2BAD187B00E988C4 /* Sources */,
				A9AFA85F2BAD187B00E988C4 /* Frameworks */,
				A9AFA8602BAD187B00E988C4 /* Resources */,
			);
			buildRules = (
			);
			dependencies = (
			);
			name = PitchPal;
			productName = PitchPal;
			productReference = A9AFA8622BAD187B00E988C4 /* PitchPal.app */;
			productType = "com.apple.product-type.application";
		};
		A9AFA8712BAD187C00E988C4 /* PitchPalTests */ = {
			isa = PBXNativeTarget;
			buildConfigurationList = A9AFA8892BAD187C00E988C4 /* Build configuration list for PBXNativeTarget "PitchPalTests" */;
			buildPhases = (
				A9AFA86E2BAD187C00E988C4 /* Sources */,
				A9AFA86F2BAD187C00E988C4 /* Frameworks */,
				A9AFA8702BAD187C00E988C4 /* Resources */,
			);
			buildRules = (
			);
			dependencies = (
				A9AFA8742BAD187C00E988C4 /* PBXTargetDependency */,
			);
			name = PitchPalTests;
			productName = PitchPalTests;
			productReference = A9AFA8722BAD187C00E988C4 /* PitchPalTests.xctest */;
			productType = "com.apple.product-type.bundle.unit-test";
		};
		A9AFA87B2BAD187C00E988C4 /* PitchPalUITests */ = {
			isa = PBXNativeTarget;
			buildConfigurationList = A9AFA88C2BAD187C00E988C4 /* Build configuration list for PBXNativeTarget "PitchPalUITests" */;
			buildPhases = (
				A9AFA8782BAD187C00E988C4 /* Sources */,
				A9AFA8792BAD187C00E988C4 /* Frameworks */,
				A9AFA87A2BAD187C00E988C4 /* Resources */,
			);
			buildRules = (
			);
			dependencies = (
				A9AFA87E2BAD187C00E988C4 /* PBXTargetDependency */,
			);
			name = PitchPalUITests;
			productName = PitchPalUITests;
			productReference = A9AFA87C2BAD187C00E988C4 /* PitchPalUITests.xctest */;
			productType = "com.apple.product-type.bundle.ui-testing";
		};
/* End PBXNativeTarget section */

/* Begin PBXProject section */
		A9AFA85A2BAD187B00E988C4 /* Project object */ = {
			isa = PBXProject;
			attributes = {
				BuildIndependentTargetsInParallel = 1;
				LastSwiftUpdateCheck = 1520;
				LastUpgradeCheck = 1520;
				TargetAttributes = {
					A9AFA8612BAD187B00E988C4 = {
						CreatedOnToolsVersion = 15.2;
					};
					A9AFA8712BAD187C00E988C4 = {
						CreatedOnToolsVersion = 15.2;
						TestTargetID = A9AFA8612BAD187B00E988C4;
					};
					A9AFA87B2BAD187C00E988C4 = {
						CreatedOnToolsVersion = 15.2;
						TestTargetID = A9AFA8612BAD187B00E988C4;
					};
				};
			};
			buildConfigurationList = A9AFA85D2BAD187B00E988C4 /* Build configuration list for PBXProject "PitchPal" */;
			compatibilityVersion = "Xcode 14.0";
			developmentRegion = en;
			hasScannedForEncodings = 0;
			knownRegions = (
				en,
				Base,
			);
			mainGroup = A9AFA8592BAD187B00E988C4;
			productRefGroup = A9AFA8632BAD187B00E988C4 /* Products */;
			projectDirPath = "";
			projectRoot = "";
			targets = (
				A9AFA8612BAD187B00E988C4 /* PitchPal */,
				A9AFA8712BAD187C00E988C4 /* PitchPalTests */,
				A9AFA87B2BAD187C00E988C4 /* PitchPalUITests */,
			);
		};
/* End PBXProject section */

/* Begin PBXResourcesBuildPhase section */
		A9AFA8602BAD187B00E988C4 /* Resources */ = {
			isa = PBXResourcesBuildPhase;
			buildActionMask = 2147483647;
			files = (
				A9AFA8B52BAD537300E988C4 /* PitchPalAudio.mlproj in Resources */,
				A9AFA8A72BAD18E800E988C4 /* PitchInfo.json in Resources */,
				A9AFA86D2BAD187C00E988C4 /* Preview Assets.xcassets in Resources */,
				A9AFA8AA2BAD196200E988C4 /* Launch Screen.storyboard in Resources */,
				A9AFA86A2BAD187C00E988C4 /* Assets.xcassets in Resources */,
			);
			runOnlyForDeploymentPostprocessing = 0;
		};
		A9AFA8702BAD187C00E988C4 /* Resources */ = {
			isa = PBXResourcesBuildPhase;
			buildActionMask = 2147483647;
			files = (
			);
			runOnlyForDeploymentPostprocessing = 0;
		};
		A9AFA87A2BAD187C00E988C4 /* Resources */ = {
			isa = PBXResourcesBuildPhase;
			buildActionMask = 2147483647;
			files = (
			);
			runOnlyForDeploymentPostprocessing = 0;
		};
/* End PBXResourcesBuildPhase section */

/* Begin PBXSourcesBuildPhase section */
		A9AFA85E2BAD187B00E988C4 /* Sources */ = {
			isa = PBXSourcesBuildPhase;
			buildActionMask = 2147483647;
			files = (
				A9AFA8B02BAD19BA00E988C4 /* DashboardModel.swift in Sources */,
				A9D9E5CF2BADD98800202977 /* Leaderboard.swift in Sources */,
				A9AFA8AF2BAD19BA00E988C4 /* Pitch.swift in Sources */,
				A9AFA8B12BAD19BA00E988C4 /* PitchModel.swift in Sources */,
				A9AFA89B2BAD18C000E988C4 /* LeaderboardView.swift in Sources */,
				A9AFA89A2BAD18C000E988C4 /* ProfileView.swift in Sources */,
				A9AFA8A02BAD18C000E988C4 /* NewPitchView.swift in Sources */,
				A9AFA8A42BAD18D000E988C4 /* DashboardViewModel.swift in Sources */,
				A9AFA89D2BAD18C000E988C4 /* RecordingView.swift in Sources */,
				A9AFA8992BAD18C000E988C4 /* DashboardView.swift in Sources */,
				A9AFA8662BAD187B00E988C4 /* PitchPalApp.swift in Sources */,
				A9AFA8A12BAD18C000E988C4 /* MainView.swift in Sources */,
				A9D9E5D12BADD9A800202977 /* LeaderboardViewModel.swift in Sources */,
				A9AFA89E2BAD18C000E988C4 /* SignInView.swift in Sources */,
				A9AFA89C2BAD18C000E988C4 /* DiscoverView.swift in Sources */,
				A9AFA8B32BAD23F600E988C4 /* RecordingManager.swift in Sources */,
				A9D9E5D52BADE21600202977 /* BigDashboardView.swift in Sources */,
				A9AFA89F2BAD18C000E988C4 /* PitchesView.swift in Sources */,
				A9D9E5D32BADDF8300202977 /* PitchView.swift in Sources */,
			);
			runOnlyForDeploymentPostprocessing = 0;
		};
		A9AFA86E2BAD187C00E988C4 /* Sources */ = {
			isa = PBXSourcesBuildPhase;
			buildActionMask = 2147483647;
			files = (
				A9AFA8772BAD187C00E988C4 /* PitchPalTests.swift in Sources */,
			);
			runOnlyForDeploymentPostprocessing = 0;
		};
		A9AFA8782BAD187C00E988C4 /* Sources */ = {
			isa = PBXSourcesBuildPhase;
			buildActionMask = 2147483647;
			files = (
				A9AFA8832BAD187C00E988C4 /* PitchPalUITestsLaunchTests.swift in Sources */,
				A9AFA8812BAD187C00E988C4 /* PitchPalUITests.swift in Sources */,
			);
			runOnlyForDeploymentPostprocessing = 0;
		};
/* End PBXSourcesBuildPhase section */

/* Begin PBXTargetDependency section */
		A9AFA8742BAD187C00E988C4 /* PBXTargetDependency */ = {
			isa = PBXTargetDependency;
			target = A9AFA8612BAD187B00E988C4 /* PitchPal */;
			targetProxy = A9AFA8732BAD187C00E988C4 /* PBXContainerItemProxy */;
		};
		A9AFA87E2BAD187C00E988C4 /* PBXTargetDependency */ = {
			isa = PBXTargetDependency;
			target = A9AFA8612BAD187B00E988C4 /* PitchPal */;
			targetProxy = A9AFA87D2BAD187C00E988C4 /* PBXContainerItemProxy */;
		};
/* End PBXTargetDependency section */

/* Begin XCBuildConfiguration section */
		A9AFA8842BAD187C00E988C4 /* Debug */ = {
			isa = XCBuildConfiguration;
			buildSettings = {
				ALWAYS_SEARCH_USER_PATHS = NO;
				ASSETCATALOG_COMPILER_GENERATE_SWIFT_ASSET_SYMBOL_EXTENSIONS = YES;
				CLANG_ANALYZER_NONNULL = YES;
				CLANG_ANALYZER_NUMBER_OBJECT_CONVERSION = YES_AGGRESSIVE;
				CLANG_CXX_LANGUAGE_STANDARD = "gnu++20";
				CLANG_ENABLE_MODULES = YES;
				CLANG_ENABLE_OBJC_ARC = YES;
				CLANG_ENABLE_OBJC_WEAK = YES;
				CLANG_WARN_BLOCK_CAPTURE_AUTORELEASING = YES;
				CLANG_WARN_BOOL_CONVERSION = YES;
				CLANG_WARN_COMMA = YES;
				CLANG_WARN_CONSTANT_CONVERSION = YES;
				CLANG_WARN_DEPRECATED_OBJC_IMPLEMENTATIONS = YES;
				CLANG_WARN_DIRECT_OBJC_ISA_USAGE = YES_ERROR;
				CLANG_WARN_DOCUMENTATION_COMMENTS = YES;
				CLANG_WARN_EMPTY_BODY = YES;
				CLANG_WARN_ENUM_CONVERSION = YES;
				CLANG_WARN_INFINITE_RECURSION = YES;
				CLANG_WARN_INT_CONVERSION = YES;
				CLANG_WARN_NON_LITERAL_NULL_CONVERSION = YES;
				CLANG_WARN_OBJC_IMPLICIT_RETAIN_SELF = YES;
				CLANG_WARN_OBJC_LITERAL_CONVERSION = YES;
				CLANG_WARN_OBJC_ROOT_CLASS = YES_ERROR;
				CLANG_WARN_QUOTED_INCLUDE_IN_FRAMEWORK_HEADER = YES;
				CLANG_WARN_RANGE_LOOP_ANALYSIS = YES;
				CLANG_WARN_STRICT_PROTOTYPES = YES;
				CLANG_WARN_SUSPICIOUS_MOVE = YES;
				CLANG_WARN_UNGUARDED_AVAILABILITY = YES_AGGRESSIVE;
				CLANG_WARN_UNREACHABLE_CODE = YES;
				CLANG_WARN__DUPLICATE_METHOD_MATCH = YES;
				COPY_PHASE_STRIP = NO;
				DEBUG_INFORMATION_FORMAT = dwarf;
				ENABLE_STRICT_OBJC_MSGSEND = YES;
				ENABLE_TESTABILITY = YES;
				ENABLE_USER_SCRIPT_SANDBOXING = YES;
				GCC_C_LANGUAGE_STANDARD = gnu17;
				GCC_DYNAMIC_NO_PIC = NO;
				GCC_NO_COMMON_BLOCKS = YES;
				GCC_OPTIMIZATION_LEVEL = 0;
				GCC_PREPROCESSOR_DEFINITIONS = (
					"DEBUG=1",
					"$(inherited)",
				);
				GCC_WARN_64_TO_32_BIT_CONVERSION = YES;
				GCC_WARN_ABOUT_RETURN_TYPE = YES_ERROR;
				GCC_WARN_UNDECLARED_SELECTOR = YES;
				GCC_WARN_UNINITIALIZED_AUTOS = YES_AGGRESSIVE;
				GCC_WARN_UNUSED_FUNCTION = YES;
				GCC_WARN_UNUSED_VARIABLE = YES;
				IPHONEOS_DEPLOYMENT_TARGET = 17.2;
				LOCALIZATION_PREFERS_STRING_CATALOGS = YES;
				MTL_ENABLE_DEBUG_INFO = INCLUDE_SOURCE;
				MTL_FAST_MATH = YES;
				ONLY_ACTIVE_ARCH = YES;
				SDKROOT = iphoneos;
				SWIFT_ACTIVE_COMPILATION_CONDITIONS = "DEBUG $(inherited)";
				SWIFT_OPTIMIZATION_LEVEL = "-Onone";
			};
			name = Debug;
		};
		A9AFA8852BAD187C00E988C4 /* Release */ = {
			isa = XCBuildConfiguration;
			buildSettings = {
				ALWAYS_SEARCH_USER_PATHS = NO;
				ASSETCATALOG_COMPILER_GENERATE_SWIFT_ASSET_SYMBOL_EXTENSIONS = YES;
				CLANG_ANALYZER_NONNULL = YES;
				CLANG_ANALYZER_NUMBER_OBJECT_CONVERSION = YES_AGGRESSIVE;
				CLANG_CXX_LANGUAGE_STANDARD = "gnu++20";
				CLANG_ENABLE_MODULES = YES;
				CLANG_ENABLE_OBJC_ARC = YES;
				CLANG_ENABLE_OBJC_WEAK = YES;
				CLANG_WARN_BLOCK_CAPTURE_AUTORELEASING = YES;
				CLANG_WARN_BOOL_CONVERSION = YES;
				CLANG_WARN_COMMA = YES;
				CLANG_WARN_CONSTANT_CONVERSION = YES;
				CLANG_WARN_DEPRECATED_OBJC_IMPLEMENTATIONS = YES;
				CLANG_WARN_DIRECT_OBJC_ISA_USAGE = YES_ERROR;
				CLANG_WARN_DOCUMENTATION_COMMENTS = YES;
				CLANG_WARN_EMPTY_BODY = YES;
				CLANG_WARN_ENUM_CONVERSION = YES;
				CLANG_WARN_INFINITE_RECURSION = YES;
				CLANG_WARN_INT_CONVERSION = YES;
				CLANG_WARN_NON_LITERAL_NULL_CONVERSION = YES;
				CLANG_WARN_OBJC_IMPLICIT_RETAIN_SELF = YES;
				CLANG_WARN_OBJC_LITERAL_CONVERSION = YES;
				CLANG_WARN_OBJC_ROOT_CLASS = YES_ERROR;
				CLANG_WARN_QUOTED_INCLUDE_IN_FRAMEWORK_HEADER = YES;
				CLANG_WARN_RANGE_LOOP_ANALYSIS = YES;
				CLANG_WARN_STRICT_PROTOTYPES = YES;
				CLANG_WARN_SUSPICIOUS_MOVE = YES;
				CLANG_WARN_UNGUARDED_AVAILABILITY = YES_AGGRESSIVE;
				CLANG_WARN_UNREACHABLE_CODE = YES;
				CLANG_WARN__DUPLICATE_METHOD_MATCH = YES;
				COPY_PHASE_STRIP = NO;
				DEBUG_INFORMATION_FORMAT = "dwarf-with-dsym";
				ENABLE_NS_ASSERTIONS = NO;
				ENABLE_STRICT_OBJC_MSGSEND = YES;
				ENABLE_USER_SCRIPT_SANDBOXING = YES;
				GCC_C_LANGUAGE_STANDARD = gnu17;
				GCC_NO_COMMON_BLOCKS = YES;
				GCC_WARN_64_TO_32_BIT_CONVERSION = YES;
				GCC_WARN_ABOUT_RETURN_TYPE = YES_ERROR;
				GCC_WARN_UNDECLARED_SELECTOR = YES;
				GCC_WARN_UNINITIALIZED_AUTOS = YES_AGGRESSIVE;
				GCC_WARN_UNUSED_FUNCTION = YES;
				GCC_WARN_UNUSED_VARIABLE = YES;
				IPHONEOS_DEPLOYMENT_TARGET = 17.2;
				LOCALIZATION_PREFERS_STRING_CATALOGS = YES;
				MTL_ENABLE_DEBUG_INFO = NO;
				MTL_FAST_MATH = YES;
				SDKROOT = iphoneos;
				SWIFT_COMPILATION_MODE = wholemodule;
				VALIDATE_PRODUCT = YES;
			};
			name = Release;
		};
		A9AFA8872BAD187C00E988C4 /* Debug */ = {
			isa = XCBuildConfiguration;
			buildSettings = {
				ASSETCATALOG_COMPILER_APPICON_NAME = AppIcon;
				ASSETCATALOG_COMPILER_GLOBAL_ACCENT_COLOR_NAME = AccentColor;
				CODE_SIGN_STYLE = Automatic;
				CURRENT_PROJECT_VERSION = 1;
				DEVELOPMENT_ASSET_PATHS = "\"PitchPal/Preview Content\"";
				DEVELOPMENT_TEAM = TCBXDWFNX2;
				ENABLE_PREVIEWS = YES;
				GENERATE_INFOPLIST_FILE = YES;
				INFOPLIST_KEY_UIApplicationSceneManifest_Generation = YES;
				INFOPLIST_KEY_UIApplicationSupportsIndirectInputEvents = YES;
				INFOPLIST_KEY_UILaunchScreen_Generation = YES;
				INFOPLIST_KEY_UILaunchStoryboardName = "Launch Screen.storyboard";
				INFOPLIST_KEY_UISupportedInterfaceOrientations_iPad = "UIInterfaceOrientationPortrait UIInterfaceOrientationPortraitUpsideDown UIInterfaceOrientationLandscapeLeft UIInterfaceOrientationLandscapeRight";
				INFOPLIST_KEY_UISupportedInterfaceOrientations_iPhone = "UIInterfaceOrientationPortrait UIInterfaceOrientationLandscapeLeft UIInterfaceOrientationLandscapeRight";
				LD_RUNPATH_SEARCH_PATHS = (
					"$(inherited)",
					"@executable_path/Frameworks",
				);
				MARKETING_VERSION = 1.0;
				PRODUCT_BUNDLE_IDENTIFIER = kovomie.PitchPal;
				PRODUCT_NAME = "$(TARGET_NAME)";
				SWIFT_EMIT_LOC_STRINGS = YES;
				SWIFT_VERSION = 5.0;
				TARGETED_DEVICE_FAMILY = "1,2";
			};
			name = Debug;
		};
		A9AFA8882BAD187C00E988C4 /* Release */ = {
			isa = XCBuildConfiguration;
			buildSettings = {
				ASSETCATALOG_COMPILER_APPICON_NAME = AppIcon;
				ASSETCATALOG_COMPILER_GLOBAL_ACCENT_COLOR_NAME = AccentColor;
				CODE_SIGN_STYLE = Automatic;
				CURRENT_PROJECT_VERSION = 1;
				DEVELOPMENT_ASSET_PATHS = "\"PitchPal/Preview Content\"";
				DEVELOPMENT_TEAM = TCBXDWFNX2;
				ENABLE_PREVIEWS = YES;
				GENERATE_INFOPLIST_FILE = YES;
				INFOPLIST_KEY_UIApplicationSceneManifest_Generation = YES;
				INFOPLIST_KEY_UIApplicationSupportsIndirectInputEvents = YES;
				INFOPLIST_KEY_UILaunchScreen_Generation = YES;
				INFOPLIST_KEY_UILaunchStoryboardName = "Launch Screen.storyboard";
				INFOPLIST_KEY_UISupportedInterfaceOrientations_iPad = "UIInterfaceOrientationPortrait UIInterfaceOrientationPortraitUpsideDown UIInterfaceOrientationLandscapeLeft UIInterfaceOrientationLandscapeRight";
				INFOPLIST_KEY_UISupportedInterfaceOrientations_iPhone = "UIInterfaceOrientationPortrait UIInterfaceOrientationLandscapeLeft UIInterfaceOrientationLandscapeRight";
				LD_RUNPATH_SEARCH_PATHS = (
					"$(inherited)",
					"@executable_path/Frameworks",
				);
				MARKETING_VERSION = 1.0;
				PRODUCT_BUNDLE_IDENTIFIER = kovomie.PitchPal;
				PRODUCT_NAME = "$(TARGET_NAME)";
				SWIFT_EMIT_LOC_STRINGS = YES;
				SWIFT_VERSION = 5.0;
				TARGETED_DEVICE_FAMILY = "1,2";
			};
			name = Release;
		};
		A9AFA88A2BAD187C00E988C4 /* Debug */ = {
			isa = XCBuildConfiguration;
			buildSettings = {
				ALWAYS_EMBED_SWIFT_STANDARD_LIBRARIES = YES;
				BUNDLE_LOADER = "$(TEST_HOST)";
				CODE_SIGN_STYLE = Automatic;
				CURRENT_PROJECT_VERSION = 1;
				DEVELOPMENT_TEAM = TCBXDWFNX2;
				GENERATE_INFOPLIST_FILE = YES;
				IPHONEOS_DEPLOYMENT_TARGET = 17.2;
				MARKETING_VERSION = 1.0;
				PRODUCT_BUNDLE_IDENTIFIER = kovomie.PitchPalTests;
				PRODUCT_NAME = "$(TARGET_NAME)";
				SWIFT_EMIT_LOC_STRINGS = NO;
				SWIFT_VERSION = 5.0;
				TARGETED_DEVICE_FAMILY = "1,2";
				TEST_HOST = "$(BUILT_PRODUCTS_DIR)/PitchPal.app/$(BUNDLE_EXECUTABLE_FOLDER_PATH)/PitchPal";
			};
			name = Debug;
		};
		A9AFA88B2BAD187C00E988C4 /* Release */ = {
			isa = XCBuildConfiguration;
			buildSettings = {
				ALWAYS_EMBED_SWIFT_STANDARD_LIBRARIES = YES;
				BUNDLE_LOADER = "$(TEST_HOST)";
				CODE_SIGN_STYLE = Automatic;
				CURRENT_PROJECT_VERSION = 1;
				DEVELOPMENT_TEAM = TCBXDWFNX2;
				GENERATE_INFOPLIST_FILE = YES;
				IPHONEOS_DEPLOYMENT_TARGET = 17.2;
				MARKETING_VERSION = 1.0;
				PRODUCT_BUNDLE_IDENTIFIER = kovomie.PitchPalTests;
				PRODUCT_NAME = "$(TARGET_NAME)";
				SWIFT_EMIT_LOC_STRINGS = NO;
				SWIFT_VERSION = 5.0;
				TARGETED_DEVICE_FAMILY = "1,2";
				TEST_HOST = "$(BUILT_PRODUCTS_DIR)/PitchPal.app/$(BUNDLE_EXECUTABLE_FOLDER_PATH)/PitchPal";
			};
			name = Release;
		};
		A9AFA88D2BAD187C00E988C4 /* Debug */ = {
			isa = XCBuildConfiguration;
			buildSettings = {
				ALWAYS_EMBED_SWIFT_STANDARD_LIBRARIES = YES;
				CODE_SIGN_STYLE = Automatic;
				CURRENT_PROJECT_VERSION = 1;
				DEVELOPMENT_TEAM = TCBXDWFNX2;
				GENERATE_INFOPLIST_FILE = YES;
				MARKETING_VERSION = 1.0;
				PRODUCT_BUNDLE_IDENTIFIER = kovomie.PitchPalUITests;
				PRODUCT_NAME = "$(TARGET_NAME)";
				SWIFT_EMIT_LOC_STRINGS = NO;
				SWIFT_VERSION = 5.0;
				TARGETED_DEVICE_FAMILY = "1,2";
				TEST_TARGET_NAME = PitchPal;
			};
			name = Debug;
		};
		A9AFA88E2BAD187C00E988C4 /* Release */ = {
			isa = XCBuildConfiguration;
			buildSettings = {
				ALWAYS_EMBED_SWIFT_STANDARD_LIBRARIES = YES;
				CODE_SIGN_STYLE = Automatic;
				CURRENT_PROJECT_VERSION = 1;
				DEVELOPMENT_TEAM = TCBXDWFNX2;
				GENERATE_INFOPLIST_FILE = YES;
				MARKETING_VERSION = 1.0;
				PRODUCT_BUNDLE_IDENTIFIER = kovomie.PitchPalUITests;
				PRODUCT_NAME = "$(TARGET_NAME)";
				SWIFT_EMIT_LOC_STRINGS = NO;
				SWIFT_VERSION = 5.0;
				TARGETED_DEVICE_FAMILY = "1,2";
				TEST_TARGET_NAME = PitchPal;
			};
			name = Release;
		};
/* End XCBuildConfiguration section */

/* Begin XCConfigurationList section */
		A9AFA85D2BAD187B00E988C4 /* Build configuration list for PBXProject "PitchPal" */ = {
			isa = XCConfigurationList;
			buildConfigurations = (
				A9AFA8842BAD187C00E988C4 /* Debug */,
				A9AFA8852BAD187C00E988C4 /* Release */,
			);
			defaultConfigurationIsVisible = 0;
			defaultConfigurationName = Release;
		};
		A9AFA8862BAD187C00E988C4 /* Build configuration list for PBXNativeTarget "PitchPal" */ = {
			isa = XCConfigurationList;
			buildConfigurations = (
				A9AFA8872BAD187C00E988C4 /* Debug */,
				A9AFA8882BAD187C00E988C4 /* Release */,
			);
			defaultConfigurationIsVisible = 0;
			defaultConfigurationName = Release;
		};
		A9AFA8892BAD187C00E988C4 /* Build configuration list for PBXNativeTarget "PitchPalTests" */ = {
			isa = XCConfigurationList;
			buildConfigurations = (
				A9AFA88A2BAD187C00E988C4 /* Debug */,
				A9AFA88B2BAD187C00E988C4 /* Release */,
			);
			defaultConfigurationIsVisible = 0;
			defaultConfigurationName = Release;
		};
		A9AFA88C2BAD187C00E988C4 /* Build configuration list for PBXNativeTarget "PitchPalUITests" */ = {
			isa = XCConfigurationList;
			buildConfigurations = (
				A9AFA88D2BAD187C00E988C4 /* Debug */,
				A9AFA88E2BAD187C00E988C4 /* Release */,
			);
			defaultConfigurationIsVisible = 0;
			defaultConfigurationName = Release;
		};
/* End XCConfigurationList section */
	};
	rootObject = A9AFA85A2BAD187B00E988C4 /* Project object */;
}
